
Microsoft Visual Studio Solution File, Format Version 12.00
# Visual Studio Version 17
VisualStudioVersion = 17.9.34728.123
MinimumVisualStudioVersion = 10.0.40219.1
Project("{FAE04EC0-301F-11D3-BF4B-00C04F79EFBC}") = "Zachary Renyhart Assignment 6.4.1", "Zachary Renyhart Assignment 6.4.1.csproj", "{76515E72-AD5C-4A52-AD6A-C319C324769D}"
EndProject
Global
	GlobalSection(SolutionConfigurationPlatforms) = preSolution
		Debug|Any CPU = Debug|Any CPU
		Release|Any CPU = Release|Any CPU
	EndGlobalSection
	GlobalSection(ProjectConfigurationPlatforms) = postSolution
		{76515E72-AD5C-4A52-AD6A-C319C324769D}.Debug|Any CPU.ActiveCfg = Debug|Any CPU
		{76515E72-AD5C-4A52-AD6A-C319C324769D}.Debug|Any CPU.Build.0 = Debug|Any CPU
		{76515E72-AD5C-4A52-AD6A-C319C324769D}.Release|Any CPU.ActiveCfg = Release|Any CPU
		{76515E72-AD5C-4A52-AD6A-C319C324769D}.Release|Any CPU.Build.0 = Release|Any CPU
	EndGlobalSection
	GlobalSection(SolutionProperties) = preSolution
		HideSolutionNode = FALSE
	EndGlobalSection
	GlobalSection(ExtensibilityGlobals) = postSolution
		SolutionGuid = {82F4480F-52EF-474E-B635-F3C702F73A09}
	EndGlobalSection
EndGlobal
